
Microsoft Visual Studio Solution File, Format Version 12.00
# Visual Studio Version 16
VisualStudioVersion = 16.0.29009.5
MinimumVisualStudioVersion = 10.0.40219.1
Project("{FAE04EC0-301F-11D3-BF4B-00C04F79EFBC}") = "Giselle.Net.ModbusTCP", "Giselle.Net.ModbusTCP\Giselle.Net.ModbusTCP.csproj", "{683A250C-4506-4336-BA56-1B04CF8916C9}"
EndProject
Project("{FAE04EC0-301F-11D3-BF4B-00C04F79EFBC}") = "Giselle.Net.ModbusTCP.Test", "Giselle.Net.ModbusTCP.Test\Giselle.Net.ModbusTCP.Test.csproj", "{32C78D88-54F6-43D7-90E2-B812E6392FA7}"
EndProject
Global
	GlobalSection(SolutionConfigurationPlatforms) = preSolution
		Debug|Any CPU = Debug|Any CPU
		Release|Any CPU = Release|Any CPU
	EndGlobalSection
	GlobalSection(ProjectConfigurationPlatforms) = postSolution
		{683A250C-4506-4336-BA56-1B04CF8916C9}.Debug|Any CPU.ActiveCfg = Debug|Any CPU
		{683A250C-4506-4336-BA56-1B04CF8916C9}.Debug|Any CPU.Build.0 = Debug|Any CPU
		{683A250C-4506-4336-BA56-1B04CF8916C9}.Release|Any CPU.ActiveCfg = Release|Any CPU
		{683A250C-4506-4336-BA56-1B04CF8916C9}.Release|Any CPU.Build.0 = Release|Any CPU
		{32C78D88-54F6-43D7-90E2-B812E6392FA7}.Debug|Any CPU.ActiveCfg = Debug|Any CPU
		{32C78D88-54F6-43D7-90E2-B812E6392FA7}.Debug|Any CPU.Build.0 = Debug|Any CPU
		{32C78D88-54F6-43D7-90E2-B812E6392FA7}.Release|Any CPU.ActiveCfg = Release|Any CPU
		{32C78D88-54F6-43D7-90E2-B812E6392FA7}.Release|Any CPU.Build.0 = Release|Any CPU
	EndGlobalSection
	GlobalSection(SolutionProperties) = preSolution
		HideSolutionNode = FALSE
	EndGlobalSection
	GlobalSection(ExtensibilityGlobals) = postSolution
		SolutionGuid = {33FB4604-0F8B-4500-A956-82AD77DB546D}
	EndGlobalSection
EndGlobal
